
Microsoft Visual Studio Solution File, Format Version 12.00
# Visual Studio Version 16
VisualStudioVersion = 16.0.29409.12
MinimumVisualStudioVersion = 10.0.40219.1
Project("{9A19103F-16F7-4668-BE54-9A1E7A4F7556}") = "ToDoAPI", "ToDoAPI\ToDoAPI.csproj", "{9FD25CAB-D2F8-4C78-922F-ACB596CB32B2}"
EndProject
Project("{9A19103F-16F7-4668-BE54-9A1E7A4F7556}") = "DAL", "DAL\DAL.csproj", "{C2370634-F66E-49C6-A896-2F115B70EE9B}"
EndProject
Project("{E24C65DC-7377-472B-9ABA-BC803B73C61A}") = "AngulareClient", "AngulareClient\", "{F05290AE-6B09-4344-AE4F-F222F7108D62}"
	ProjectSection(WebsiteProperties) = preProject
		TargetFrameworkMoniker = ".NETFramework,Version%3Dv4.0"
		Debug.AspNetCompiler.VirtualPath = "/localhost_59612"
		Debug.AspNetCompiler.PhysicalPath = "AngulareClient\"
		Debug.AspNetCompiler.TargetPath = "PrecompiledWeb\localhost_59612\"
		Debug.AspNetCompiler.Updateable = "true"
		Debug.AspNetCompiler.ForceOverwrite = "true"
		Debug.AspNetCompiler.FixedNames = "false"
		Debug.AspNetCompiler.Debug = "True"
		Release.AspNetCompiler.VirtualPath = "/localhost_59612"
		Release.AspNetCompiler.PhysicalPath = "AngulareClient\"
		Release.AspNetCompiler.TargetPath = "PrecompiledWeb\localhost_59612\"
		Release.AspNetCompiler.Updateable = "true"
		Release.AspNetCompiler.ForceOverwrite = "true"
		Release.AspNetCompiler.FixedNames = "false"
		Release.AspNetCompiler.Debug = "False"
		VWDPort = "59612"
		SlnRelativePath = "AngulareClient\"
	EndProjectSection
EndProject
Global
	GlobalSection(SolutionConfigurationPlatforms) = preSolution
		Debug|Any CPU = Debug|Any CPU
		Release|Any CPU = Release|Any CPU
	EndGlobalSection
	GlobalSection(ProjectConfigurationPlatforms) = postSolution
		{9FD25CAB-D2F8-4C78-922F-ACB596CB32B2}.Debug|Any CPU.ActiveCfg = Debug|Any CPU
		{9FD25CAB-D2F8-4C78-922F-ACB596CB32B2}.Debug|Any CPU.Build.0 = Debug|Any CPU
		{9FD25CAB-D2F8-4C78-922F-ACB596CB32B2}.Release|Any CPU.ActiveCfg = Release|Any CPU
		{9FD25CAB-D2F8-4C78-922F-ACB596CB32B2}.Release|Any CPU.Build.0 = Release|Any CPU
		{C2370634-F66E-49C6-A896-2F115B70EE9B}.Debug|Any CPU.ActiveCfg = Debug|Any CPU
		{C2370634-F66E-49C6-A896-2F115B70EE9B}.Debug|Any CPU.Build.0 = Debug|Any CPU
		{C2370634-F66E-49C6-A896-2F115B70EE9B}.Release|Any CPU.ActiveCfg = Release|Any CPU
		{C2370634-F66E-49C6-A896-2F115B70EE9B}.Release|Any CPU.Build.0 = Release|Any CPU
		{F05290AE-6B09-4344-AE4F-F222F7108D62}.Debug|Any CPU.ActiveCfg = Debug|Any CPU
		{F05290AE-6B09-4344-AE4F-F222F7108D62}.Debug|Any CPU.Build.0 = Debug|Any CPU
		{F05290AE-6B09-4344-AE4F-F222F7108D62}.Release|Any CPU.ActiveCfg = Debug|Any CPU
		{F05290AE-6B09-4344-AE4F-F222F7108D62}.Release|Any CPU.Build.0 = Debug|Any CPU
	EndGlobalSection
	GlobalSection(SolutionProperties) = preSolution
		HideSolutionNode = FALSE
	EndGlobalSection
	GlobalSection(ExtensibilityGlobals) = postSolution
		SolutionGuid = {4434ED1C-5A62-4EEB-AF36-8CA7CF8865C4}
	EndGlobalSection
EndGlobal
